
Microsoft Visual Studio Solution File, Format Version 12.00
# Visual Studio Version 17
VisualStudioVersion = 17.7.34024.191
MinimumVisualStudioVersion = 10.0.40219.1
Project("{FAE04EC0-301F-11D3-BF4B-00C04F79EFBC}") = "Stok Takip Otomasyonu", "Stok Takip Otomasyonu\Stok Takip Otomasyonu.csproj", "{C9EC4247-F0A5-4BB6-B3C2-1E23D5E56E49}"
EndProject
Project("{54435603-DBB4-11D2-8724-00A0C9A8B90C}") = "Stok Takip Otomasyonu Setup Dosyası", "Stok Takip Otomasyonu Setup Dosyası\Stok Takip Otomasyonu Setup Dosyası.vdproj", "{767A5470-7C6D-4267-BE95-CC57B910FDF9}"
EndProject
Global
	GlobalSection(SolutionConfigurationPlatforms) = preSolution
		Debug|Any CPU = Debug|Any CPU
		Release|Any CPU = Release|Any CPU
	EndGlobalSection
	GlobalSection(ProjectConfigurationPlatforms) = postSolution
		{C9EC4247-F0A5-4BB6-B3C2-1E23D5E56E49}.Debug|Any CPU.ActiveCfg = Debug|Any CPU
		{C9EC4247-F0A5-4BB6-B3C2-1E23D5E56E49}.Debug|Any CPU.Build.0 = Debug|Any CPU
		{C9EC4247-F0A5-4BB6-B3C2-1E23D5E56E49}.Release|Any CPU.ActiveCfg = Release|Any CPU
		{C9EC4247-F0A5-4BB6-B3C2-1E23D5E56E49}.Release|Any CPU.Build.0 = Release|Any CPU
		{767A5470-7C6D-4267-BE95-CC57B910FDF9}.Debug|Any CPU.ActiveCfg = Debug
		{767A5470-7C6D-4267-BE95-CC57B910FDF9}.Release|Any CPU.ActiveCfg = Release
	EndGlobalSection
	GlobalSection(SolutionProperties) = preSolution
		HideSolutionNode = FALSE
	EndGlobalSection
	GlobalSection(ExtensibilityGlobals) = postSolution
		SolutionGuid = {C527D841-AA2E-41F2-ADAC-015E50D5CDDB}
	EndGlobalSection
EndGlobal
